
Microsoft Visual Studio Solution File, Format Version 12.00
# Visual Studio Version 16
VisualStudioVersion = 16.0.29102.190
MinimumVisualStudioVersion = 10.0.40219.1
Project("{FAE04EC0-301F-11D3-BF4B-00C04F79EFBC}") = "ClientesDB", "ClientesDB\ClientesDB.csproj", "{96DADE90-B825-487C-A7B7-506FD36B5B7B}"
EndProject
Global
	GlobalSection(SolutionConfigurationPlatforms) = preSolution
		Debug|Any CPU = Debug|Any CPU
		Release|Any CPU = Release|Any CPU
	EndGlobalSection
	GlobalSection(ProjectConfigurationPlatforms) = postSolution
		{96DADE90-B825-487C-A7B7-506FD36B5B7B}.Debug|Any CPU.ActiveCfg = Debug|Any CPU
		{96DADE90-B825-487C-A7B7-506FD36B5B7B}.Debug|Any CPU.Build.0 = Debug|Any CPU
		{96DADE90-B825-487C-A7B7-506FD36B5B7B}.Release|Any CPU.ActiveCfg = Release|Any CPU
		{96DADE90-B825-487C-A7B7-506FD36B5B7B}.Release|Any CPU.Build.0 = Release|Any CPU
	EndGlobalSection
	GlobalSection(SolutionProperties) = preSolution
		HideSolutionNode = FALSE
	EndGlobalSection
	GlobalSection(ExtensibilityGlobals) = postSolution
		SolutionGuid = {304C018A-188F-4D5E-931F-D472A1115DED}
	EndGlobalSection
EndGlobal
